
Microsoft Visual Studio Solution File, Format Version 12.00
# Visual Studio Version 17
VisualStudioVersion = 17.14.36518.9 d17.14
MinimumVisualStudioVersion = 10.0.40219.1
Project("{F184B08F-C81C-45F6-A57F-5ABD9991F28F}") = "attempt 2", "attempt 2\attempt 2.vbproj", "{722ABD1F-BE3C-4EFB-B369-40D43985762F}"
EndProject
Global
	GlobalSection(SolutionConfigurationPlatforms) = preSolution
		Debug|Any CPU = Debug|Any CPU
		Release|Any CPU = Release|Any CPU
	EndGlobalSection
	GlobalSection(ProjectConfigurationPlatforms) = postSolution
		{722ABD1F-BE3C-4EFB-B369-40D43985762F}.Debug|Any CPU.ActiveCfg = Debug|Any CPU
		{722ABD1F-BE3C-4EFB-B369-40D43985762F}.Debug|Any CPU.Build.0 = Debug|Any CPU
		{722ABD1F-BE3C-4EFB-B369-40D43985762F}.Release|Any CPU.ActiveCfg = Release|Any CPU
		{722ABD1F-BE3C-4EFB-B369-40D43985762F}.Release|Any CPU.Build.0 = Release|Any CPU
	EndGlobalSection
	GlobalSection(SolutionProperties) = preSolution
		HideSolutionNode = FALSE
	EndGlobalSection
	GlobalSection(ExtensibilityGlobals) = postSolution
		SolutionGuid = {F7F3C20B-1ACF-435A-A9AE-73B643954053}
	EndGlobalSection
EndGlobal
